Microsoft Visual Studio Solution File, Format Version 12.00
# Visual Studio Version 17
VisualStudioVersion = 17.5.2.0
MinimumVisualStudioVersion = 10.0.40219.1
Project("{FAE04EC0-301F-11D3-BF4B-00C04F79EFBC}") = "Day30_1stDemoDatabaseConnectivity", "Day30_1stDemoDatabaseConnectivity.csproj", "{35B00867-C023-A378-1919-AC2468335142}"
EndProject
Global
	GlobalSection(SolutionConfigurationPlatforms) = preSolution
		Debug|Any CPU = Debug|Any CPU
		Release|Any CPU = Release|Any CPU
	EndGlobalSection
	GlobalSection(ProjectConfigurationPlatforms) = postSolution
		{35B00867-C023-A378-1919-AC2468335142}.Debug|Any CPU.ActiveCfg = Debug|Any CPU
		{35B00867-C023-A378-1919-AC2468335142}.Debug|Any CPU.Build.0 = Debug|Any CPU
		{35B00867-C023-A378-1919-AC2468335142}.Release|Any CPU.ActiveCfg = Release|Any CPU
		{35B00867-C023-A378-1919-AC2468335142}.Release|Any CPU.Build.0 = Release|Any CPU
	EndGlobalSection
	GlobalSection(SolutionProperties) = preSolution
		HideSolutionNode = FALSE
	EndGlobalSection
	GlobalSection(ExtensibilityGlobals) = postSolution
		SolutionGuid = {5AA91998-A0E6-4286-9CD3-108F7E6DD7EF}
	EndGlobalSection
EndGlobal
