Microsoft Visual Studio Solution File, Format Version 12.00
# Visual Studio Version 17
VisualStudioVersion = 17.5.2.0
MinimumVisualStudioVersion = 10.0.40219.1
Project("{FAE04EC0-301F-11D3-BF4B-00C04F79EFBC}") = "Day32_BookStore_Assignment", "Day32_BookStore_Assignment.csproj", "{B62522C0-1580-425C-93B6-FA106C4D517E}"
EndProject
Global
	GlobalSection(SolutionConfigurationPlatforms) = preSolution
		Debug|Any CPU = Debug|Any CPU
		Release|Any CPU = Release|Any CPU
	EndGlobalSection
	GlobalSection(ProjectConfigurationPlatforms) = postSolution
		{B62522C0-1580-425C-93B6-FA106C4D517E}.Debug|Any CPU.ActiveCfg = Debug|Any CPU
		{B62522C0-1580-425C-93B6-FA106C4D517E}.Debug|Any CPU.Build.0 = Debug|Any CPU
		{B62522C0-1580-425C-93B6-FA106C4D517E}.Release|Any CPU.ActiveCfg = Release|Any CPU
		{B62522C0-1580-425C-93B6-FA106C4D517E}.Release|Any CPU.Build.0 = Release|Any CPU
	EndGlobalSection
	GlobalSection(SolutionProperties) = preSolution
		HideSolutionNode = FALSE
	EndGlobalSection
	GlobalSection(ExtensibilityGlobals) = postSolution
		SolutionGuid = {E1ADF511-6119-42BC-B85E-728E7491CBA6}
	EndGlobalSection
EndGlobal
